
Microsoft Visual Studio Solution File, Format Version 12.00
# Visual Studio 15
VisualStudioVersion = 15.0.27428.2002
MinimumVisualStudioVersion = 10.0.40219.1
Project("{9A19103F-16F7-4668-BE54-9A1E7A4F7556}") = "Espresso", "Espresso\Espresso.csproj", "{7AAC0449-544C-4FEB-B6F8-37AB54B98BD3}"
EndProject
Project("{FAE04EC0-301F-11D3-BF4B-00C04F79EFBC}") = "Espresso.Tests", "Espresso.Tests\Espresso.Tests.csproj", "{426FEC6C-F436-4990-8D37-4066F9C0E7F1}"
EndProject
Global
	GlobalSection(SolutionConfigurationPlatforms) = preSolution
		Debug|Any CPU = Debug|Any CPU
		Release|Any CPU = Release|Any CPU
	EndGlobalSection
	GlobalSection(ProjectConfigurationPlatforms) = postSolution
		{7AAC0449-544C-4FEB-B6F8-37AB54B98BD3}.Debug|Any CPU.ActiveCfg = Debug|Any CPU
		{7AAC0449-544C-4FEB-B6F8-37AB54B98BD3}.Debug|Any CPU.Build.0 = Debug|Any CPU
		{7AAC0449-544C-4FEB-B6F8-37AB54B98BD3}.Release|Any CPU.ActiveCfg = Release|Any CPU
		{7AAC0449-544C-4FEB-B6F8-37AB54B98BD3}.Release|Any CPU.Build.0 = Release|Any CPU
		{426FEC6C-F436-4990-8D37-4066F9C0E7F1}.Debug|Any CPU.ActiveCfg = Debug|Any CPU
		{426FEC6C-F436-4990-8D37-4066F9C0E7F1}.Debug|Any CPU.Build.0 = Debug|Any CPU
		{426FEC6C-F436-4990-8D37-4066F9C0E7F1}.Release|Any CPU.ActiveCfg = Release|Any CPU
		{426FEC6C-F436-4990-8D37-4066F9C0E7F1}.Release|Any CPU.Build.0 = Release|Any CPU
	EndGlobalSection
	GlobalSection(SolutionProperties) = preSolution
		HideSolutionNode = FALSE
	EndGlobalSection
	GlobalSection(ExtensibilityGlobals) = postSolution
		SolutionGuid = {C030539C-F8C8-437B-A701-1152C0FA91E4}
	EndGlobalSection
EndGlobal
